
Microsoft Visual Studio Solution File, Format Version 12.00
# Visual Studio Version 17
VisualStudioVersion = 17.9.34701.34
MinimumVisualStudioVersion = 10.0.40219.1
Project("{FAE04EC0-301F-11D3-BF4B-00C04F79EFBC}") = "WebApplication1", "WebApplication1\WebApplication1.csproj", "{98326F56-FFC3-4ED5-8988-E4F6EA1F94E1}"
EndProject
Global
	GlobalSection(SolutionConfigurationPlatforms) = preSolution
		Debug|Any CPU = Debug|Any CPU
		Release|Any CPU = Release|Any CPU
	EndGlobalSection
	GlobalSection(ProjectConfigurationPlatforms) = postSolution
		{98326F56-FFC3-4ED5-8988-E4F6EA1F94E1}.Debug|Any CPU.ActiveCfg = Debug|Any CPU
		{98326F56-FFC3-4ED5-8988-E4F6EA1F94E1}.Debug|Any CPU.Build.0 = Debug|Any CPU
		{98326F56-FFC3-4ED5-8988-E4F6EA1F94E1}.Release|Any CPU.ActiveCfg = Release|Any CPU
		{98326F56-FFC3-4ED5-8988-E4F6EA1F94E1}.Release|Any CPU.Build.0 = Release|Any CPU
	EndGlobalSection
	GlobalSection(SolutionProperties) = preSolution
		HideSolutionNode = FALSE
	EndGlobalSection
	GlobalSection(ExtensibilityGlobals) = postSolution
		SolutionGuid = {C38D661F-7AD3-444B-A33E-0FC21DE8AE1D}
	EndGlobalSection
EndGlobal
